// !$*UTF8*$!
{
	archiveVersion = 1;
	classes = {
	};
	objectVersion = 46;
	objects = {

/* Begin PBXBuildFile section */
		93B322881674472400F6D9E3 /* UIKit.framework in Frameworks */ = {isa = PBXBuildFile; fileRef = 93B322871674472400F6D9E3 /* UIKit.framework */; };
		93B3228A1674472400F6D9E3 /* Foundation.framework in Frameworks */ = {isa = PBXBuildFile; fileRef = 93B322891674472400F6D9E3 /* Foundation.framework */; };
		93B3228C1674472400F6D9E3 /* CoreGraphics.framework in Frameworks */ = {isa = PBXBuildFile; fileRef = 93B3228B1674472400F6D9E3 /* CoreGraphics.framework */; };
		93B322921674472400F6D9E3 /* InfoPlist.strings in Resources */ = {isa = PBXBuildFile; fileRef = 93B322901674472400F6D9E3 /* InfoPlist.strings */; };
		93B322941674472400F6D9E3 /* main.m in Sources */ = {isa = PBXBuildFile; fileRef = 93B322931674472400F6D9E3 /* main.m */; };
		93B322981674472400F6D9E3 /* AutoSizingAppAppDelegate.m in Sources */ = {isa = PBXBuildFile; fileRef = 93B322971674472400F6D9E3 /* AutoSizingAppAppDelegate.m */; };
		93B3229A1674472400F6D9E3 /* Default.png in Resources */ = {isa = PBXBuildFile; fileRef = 93B322991674472400F6D9E3 /* Default.png */; };
		93B3229C1674472400F6D9E3 /* Default@2x.png in Resources */ = {isa = PBXBuildFile; fileRef = 93B3229B1674472400F6D9E3 /* Default@2x.png */; };
		93B3229E1674472400F6D9E3 /* Default-568h@2x.png in Resources */ = {isa = PBXBuildFile; fileRef = 93B3229D1674472400F6D9E3 /* Default-568h@2x.png */; };
		93B322A11674472400F6D9E3 /* MainStoryboard.storyboard in Resources */ = {isa = PBXBuildFile; fileRef = 93B3229F1674472400F6D9E3 /* MainStoryboard.storyboard */; };
		93B322A41674472400F6D9E3 /* AutoSizingAppViewController.m in Sources */ = {isa = PBXBuildFile; fileRef = 93B322A31674472400F6D9E3 /* AutoSizingAppViewController.m */; };
/* End PBXBuildFile section */

/* Begin PBXFileReference section */
		93B322831674472400F6D9E3 /* AutoSizingApp.app */ = {isa = PBXFileReference; explicitFileType = wrapper.application; includeInIndex = 0; path = AutoSizingApp.app; sourceTree = BUILT_PRODUCTS_DIR; };
		93B322871674472400F6D9E3 /* UIKit.framework */ = {isa = PBXFileReference; lastKnownFileType = wrapper.framework; name = UIKit.framework; path = System/Library/Frameworks/UIKit.framework; sourceTree = SDKROOT; };
		93B322891674472400F6D9E3 /* Foundation.framework */ = {isa = PBXFileReference; lastKnownFileType = wrapper.framework; name = Foundation.framework; path = System/Library/Frameworks/Foundation.framework; sourceTree = SDKROOT; };
		93B3228B1674472400F6D9E3 /* CoreGraphics.framework */ = {isa = PBXFileReference; lastKnownFileType = wrapper.framework; name = CoreGraphics.framework; path = System/Library/Frameworks/CoreGraphics.framework; sourceTree = SDKROOT; };
		93B3228F1674472400F6D9E3 /* AutoSizingApp-Info.plist */ = {isa = PBXFileReference; lastKnownFileType = text.plist.xml; path = "AutoSizingApp-Info.plist"; sourceTree = "<group>"; };
		93B322911674472400F6D9E3 /* en */ = {isa = PBXFileReference; lastKnownFileType = text.plist.strings; name = en; path = en.lproj/InfoPlist.strings; sourceTree = "<group>"; };
		93B322931674472400F6D9E3 /* main.m */ = {isa = PBXFileReference; lastKnownFileType = sourcecode.c.objc; path = main.m; sourceTree = "<group>"; };
		93B322951674472400F6D9E3 /* AutoSizingApp-Prefix.pch */ = {isa = PBXFileReference; lastKnownFileType = sourcecode.c.h; path = "AutoSizingApp-Prefix.pch"; sourceTree = "<group>"; };
		93B322961674472400F6D9E3 /* AutoSizingAppAppDelegate.h */ = {isa = PBXFileReference; lastKnownFileType = sourcecode.c.h; path = AutoSizingAppAppDelegate.h; sourceTree = "<group>"; };
		93B322971674472400F6D9E3 /* AutoSizingAppAppDelegate.m */ = {isa = PBXFileReference; lastKnownFileType = sourcecode.c.objc; path = AutoSizingAppAppDelegate.m; sourceTree = "<group>"; };
		93B322991674472400F6D9E3 /* Default.png */ = {isa = PBXFileReference; lastKnownFileType = image.png; path = Default.png; sourceTree = "<group>"; };
		93B3229B1674472400F6D9E3 /* Default@2x.png */ = {isa = PBXFileReference; lastKnownFileType = image.png; path = "Default@2x.png"; sourceTree = "<group>"; };
		93B3229D1674472400F6D9E3 /* Default-568h@2x.png */ = {isa = PBXFileReference; lastKnownFileType = image.png; path = "Default-568h@2x.png"; sourceTree = "<group>"; };
		93B322A01674472400F6D9E3 /* en */ = {isa = PBXFileReference; lastKnownFileType = file.storyboard; name = en; path = en.lproj/MainStoryboard.storyboard; sourceTree = "<group>"; };
		93B322A21674472400F6D9E3 /* AutoSizingAppViewController.h */ = {isa = PBXFileReference; lastKnownFileType = sourcecode.c.h; path = AutoSizingAppViewController.h; sourceTree = "<group>"; };
		93B322A31674472400F6D9E3 /* AutoSizingAppViewController.m */ = {isa = PBXFileReference; lastKnownFileType = sourcecode.c.objc; path = AutoSizingAppViewController.m; sourceTree = "<group>"; };
/* End PBXFileReference section */

/* Begin PBXFrameworksBuildPhase section */
		93B322801674472400F6D9E3 /* Frameworks */ = {
			isa = PBXFrameworksBuildPhase;
			buildActionMask = 2147483647;
			files = (
				93B322881674472400F6D9E3 /* UIKit.framework in Frameworks */,
				93B3228A1674472400F6D9E3 /* Foundation.framework in Frameworks */,
				93B3228C1674472400F6D9E3 /* CoreGraphics.framework in Frameworks */,
			);
			runOnlyForDeploymentPostprocessing = 0;
		};
/* End PBXFrameworksBuildPhase section */

/* Begin PBXGroup section */
		93B322781674472400F6D9E3 = {
			isa = PBXGroup;
			children = (
				93B3228D1674472400F6D9E3 /* AutoSizingApp */,
				93B322861674472400F6D9E3 /* Frameworks */,
				93B322841674472400F6D9E3 /* Products */,
			);
			sourceTree = "<group>";
		};
		93B322841674472400F6D9E3 /* Products */ = {
			isa = PBXGroup;
			children = (
				93B322831674472400F6D9E3 /* AutoSizingApp.app */,
			);
			name = Products;
			sourceTree = "<group>";
		};
		93B322861674472400F6D9E3 /* Frameworks */ = {
			isa = PBXGroup;
			children = (
				93B322871674472400F6D9E3 /* UIKit.framework */,
				93B322891674472400F6D9E3 /* Foundation.framework */,
				93B3228B1674472400F6D9E3 /* CoreGraphics.framework */,
			);
			name = Frameworks;
			sourceTree = "<group>";
		};
		93B3228D1674472400F6D9E3 /* AutoSizingApp */ = {
			isa = PBXGroup;
			children = (
				93B322961674472400F6D9E3 /* AutoSizingAppAppDelegate.h */,
				93B322971674472400F6D9E3 /* AutoSizingAppAppDelegate.m */,
				93B3229F1674472400F6D9E3 /* MainStoryboard.storyboard */,
				93B322A21674472400F6D9E3 /* AutoSizingAppViewController.h */,
				93B322A31674472400F6D9E3 /* AutoSizingAppViewController.m */,
				93B3228E1674472400F6D9E3 /* Supporting Files */,
			);
			path = AutoSizingApp;
			sourceTree = "<group>";
		};
		93B3228E1674472400F6D9E3 /* Supporting Files */ = {
			isa = PBXGroup;
			children = (
				93B3228F1674472400F6D9E3 /* AutoSizingApp-Info.plist */,
				93B322901674472400F6D9E3 /* InfoPlist.strings */,
				93B322931674472400F6D9E3 /* main.m */,
				93B322951674472400F6D9E3 /* AutoSizingApp-Prefix.pch */,
				93B322991674472400F6D9E3 /* Default.png */,
				93B3229B1674472400F6D9E3 /* Default@2x.png */,
				93B3229D1674472400F6D9E3 /* Default-568h@2x.png */,
			);
			name = "Supporting Files";
			sourceTree = "<group>";
		};
/* End PBXGroup section */

/* Begin PBXNativeTarget section */
		93B322821674472400F6D9E3 /* AutoSizingApp */ = {
			isa = PBXNativeTarget;
			buildConfigurationList = 93B322A71674472400F6D9E3 /* Build configuration list for PBXNativeTarget "AutoSizingApp" */;
			buildPhases = (
				93B3227F1674472400F6D9E3 /* Sources */,
				93B322801674472400F6D9E3 /* Frameworks */,
				93B322811674472400F6D9E3 /* Resources */,
			);
			buildRules = (
			);
			dependencies = (
			);
			name = AutoSizingApp;
			productName = AutoSizingApp;
			productReference = 93B322831674472400F6D9E3 /* AutoSizingApp.app */;
			productType = "com.apple.product-type.application";
		};
/* End PBXNativeTarget section */

/* Begin PBXProject section */
		93B3227A1674472400F6D9E3 /* Project object */ = {
			isa = PBXProject;
			attributes = {
				CLASSPREFIX = AutoSizingApp;
				LastUpgradeCheck = 0450;
				ORGANIZATIONNAME = Demo;
			};
			buildConfigurationList = 93B3227D1674472400F6D9E3 /* Build configuration list for PBXProject "AutoSizingApp" */;
			compatibilityVersion = "Xcode 3.2";
			developmentRegion = English;
			hasScannedForEncodings = 0;
			knownRegions = (
				en,
			);
			mainGroup = 93B322781674472400F6D9E3;
			productRefGroup = 93B322841674472400F6D9E3 /* Products */;
			projectDirPath = "";
			projectRoot = "";
			targets = (
				93B322821674472400F6D9E3 /* AutoSizingApp */,
			);
		};
/* End PBXProject section */

/* Begin PBXResourcesBuildPhase section */
		93B322811674472400F6D9E3 /* Resources */ = {
			isa = PBXResourcesBuildPhase;
			buildActionMask = 2147483647;
			files = (
				93B322921674472400F6D9E3 /* InfoPlist.strings in Resources */,
				93B3229A1674472400F6D9E3 /* Default.png in Resources */,
				93B3229C1674472400F6D9E3 /* Default@2x.png in Resources */,
				93B3229E1674472400F6D9E3 /* Default-568h@2x.png in Resources */,
				93B322A11674472400F6D9E3 /* MainStoryboard.storyboard in Resources */,
			);
			runOnlyForDeploymentPostprocessing = 0;
		};
/* End PBXResourcesBuildPhase section */

/* Begin PBXSourcesBuildPhase section */
		93B3227F1674472400F6D9E3 /* Sources */ = {
			isa = PBXSourcesBuildPhase;
			buildActionMask = 2147483647;
			files = (
				93B322941674472400F6D9E3 /* main.m in Sources */,
				93B322981674472400F6D9E3 /* AutoSizingAppAppDelegate.m in Sources */,
				93B322A41674472400F6D9E3 /* AutoSizingAppViewController.m in Sources */,
			);
			runOnlyForDeploymentPostprocessing = 0;
		};
/* End PBXSourcesBuildPhase section */

/* Begin PBXVariantGroup section */
		93B322901674472400F6D9E3 /* InfoPlist.strings */ = {
			isa = PBXVariantGroup;
			children = (
				93B322911674472400F6D9E3 /* en */,
			);
			name = InfoPlist.strings;
			sourceTree = "<group>";
		};
		93B3229F1674472400F6D9E3 /* MainStoryboard.storyboard */ = {
			isa = PBXVariantGroup;
			children = (
				93B322A01674472400F6D9E3 /* en */,
			);
			name = MainStoryboard.storyboard;
			sourceTree = "<group>";
		};
/* End PBXVariantGroup section */

/* Begin XCBuildConfiguration section */
		93B322A51674472400F6D9E3 /* Debug */ = {
			isa = XCBuildConfiguration;
			buildSettings = {
				ALWAYS_SEARCH_USER_PATHS = NO;
				CLANG_CXX_LANGUAGE_STANDARD = "gnu++0x";
				CLANG_CXX_LIBRARY = "libc++";
				CLANG_ENABLE_OBJC_ARC = YES;
				CLANG_WARN_EMPTY_BODY = YES;
				CLANG_WARN__DUPLICATE_METHOD_MATCH = YES;
				"CODE_SIGN_IDENTITY[sdk=iphoneos*]" = "iPhone Developer";
				COPY_PHASE_STRIP = NO;
				GCC_C_LANGUAGE_STANDARD = gnu99;
				GCC_DYNAMIC_NO_PIC = NO;
				GCC_OPTIMIZATION_LEVEL = 0;
				GCC_PREPROCESSOR_DEFINITIONS = (
					"DEBUG=1",
					"$(inherited)",
				);
				GCC_SYMBOLS_PRIVATE_EXTERN = NO;
				GCC_WARN_ABOUT_RETURN_TYPE = YES;
				GCC_WARN_UNINITIALIZED_AUTOS = YES;
				GCC_WARN_UNUSED_VARIABLE = YES;
				IPHONEOS_DEPLOYMENT_TARGET = 6.0;
				ONLY_ACTIVE_ARCH = YES;
				SDKROOT = iphoneos;
			};
			name = Debug;
		};
		93B322A61674472400F6D9E3 /* Release */ = {
			isa = XCBuildConfiguration;
			buildSettings = {
				ALWAYS_SEARCH_USER_PATHS = NO;
				CLANG_CXX_LANGUAGE_STANDARD = "gnu++0x";
				CLANG_CXX_LIBRARY = "libc++";
				CLANG_ENABLE_OBJC_ARC = YES;
				CLANG_WARN_EMPTY_BODY = YES;
				CLANG_WARN__DUPLICATE_METHOD_MATCH = YES;
				"CODE_SIGN_IDENTITY[sdk=iphoneos*]" = "iPhone Developer";
				COPY_PHASE_STRIP = YES;
				GCC_C_LANGUAGE_STANDARD = gnu99;
				GCC_WARN_ABOUT_RETURN_TYPE = YES;
				GCC_WARN_UNINITIALIZED_AUTOS = YES;
				GCC_WARN_UNUSED_VARIABLE = YES;
				IPHONEOS_DEPLOYMENT_TARGET = 6.0;
				OTHER_CFLAGS = "-DNS_BLOCK_ASSERTIONS=1";
				SDKROOT = iphoneos;
				VALIDATE_PRODUCT = YES;
			};
			name = Release;
		};
		93B322A81674472400F6D9E3 /* Debug */ = {
			isa = XCBuildConfiguration;
			buildSettings = {
				GCC_PRECOMPILE_PREFIX_HEADER = YES;
				GCC_PREFIX_HEADER = "AutoSizingApp/AutoSizingApp-Prefix.pch";
				INFOPLIST_FILE = "AutoSizingApp/AutoSizingApp-Info.plist";
				PRODUCT_NAME = "$(TARGET_NAME)";
				WRAPPER_EXTENSION = app;
			};
			name = Debug;
		};
		93B322A91674472400F6D9E3 /* Release */ = {
			isa = XCBuildConfiguration;
			buildSettings = {
				GCC_PRECOMPILE_PREFIX_HEADER = YES;
				GCC_PREFIX_HEADER = "AutoSizingApp/AutoSizingApp-Prefix.pch";
				INFOPLIST_FILE = "AutoSizingApp/AutoSizingApp-Info.plist";
				PRODUCT_NAME = "$(TARGET_NAME)";
				WRAPPER_EXTENSION = app;
			};
			name = Release;
		};
/* End XCBuildConfiguration section */

/* Begin XCConfigurationList section */
		93B3227D1674472400F6D9E3 /* Build configuration list for PBXProject "AutoSizingApp" */ = {
			isa = XCConfigurationList;
			buildConfigurations = (
				93B322A51674472400F6D9E3 /* Debug */,
				93B322A61674472400F6D9E3 /* Release */,
			);
			defaultConfigurationIsVisible = 0;
			defaultConfigurationName = Release;
		};
		93B322A71674472400F6D9E3 /* Build configuration list for PBXNativeTarget "AutoSizingApp" */ = {
			isa = XCConfigurationList;
			buildConfigurations = (
				93B322A81674472400F6D9E3 /* Debug */,
				93B322A91674472400F6D9E3 /* Release */,
			);
			defaultConfigurationIsVisible = 0;
		};
/* End XCConfigurationList section */
	};
	rootObject = 93B3227A1674472400F6D9E3 /* Project object */;
}
